# This file is automatically @generated by Cargo.
# It is not intended for manual editing.
version = 3

[[package]]
name = "Kenshilyzer"
version = "0.1.0"
dependencies = [
 "binary-search",
 "dotenv",
]

[[package]]
name = "binary-search"
version = "0.1.2"
source = "registry+https://github.com/rust-lang/crates.io-index"
checksum = "bea0ab2808834a04d4ae0d831f476217fdbee35cb620bf6b2e5807a4e9435776"

[[package]]
name = "dotenv"
version = "0.15.0"
source = "registry+https://github.com/rust-lang/crates.io-index"
checksum = "77c90badedccf4105eca100756a0b1289e191f6fcbdadd3cee1d2f614f97da8f"
